
Microsoft Visual Studio Solution File, Format Version 12.00
# Visual Studio 15
VisualStudioVersion = 15.0.28307.102
MinimumVisualStudioVersion = 10.0.40219.1
Project("{9A19103F-16F7-4668-BE54-9A1E7A4F7556}") = "OnlineHajarShop.Web", "OnlineHajarShop.Web\OnlineHajarShop.Web.csproj", "{C9C4AE7C-0918-429C-AD7B-FDB62CE1E114}"
EndProject
Project("{FAE04EC0-301F-11D3-BF4B-00C04F79EFBC}") = "HajarShop.Domain", "HajarShop.Domain\HajarShop.Domain.csproj", "{294CBB75-E38D-45FA-8310-ED5974EAD022}"
EndProject
Project("{FAE04EC0-301F-11D3-BF4B-00C04F79EFBC}") = "HajarShop.Security", "HajarShop.Security\HajarShop.Security.csproj", "{9F8BEB44-81BF-4FC5-83AB-CD2A80D8E00D}"
EndProject
Project("{FAE04EC0-301F-11D3-BF4B-00C04F79EFBC}") = "HajarShop.UnitTests", "HajarShop.UnitTests\HajarShop.UnitTests.csproj", "{B826B2DC-7B04-418F-AAE2-D16708DE906C}"
EndProject
Global
	GlobalSection(SolutionConfigurationPlatforms) = preSolution
		Debug|Any CPU = Debug|Any CPU
		Release|Any CPU = Release|Any CPU
	EndGlobalSection
	GlobalSection(ProjectConfigurationPlatforms) = postSolution
		{C9C4AE7C-0918-429C-AD7B-FDB62CE1E114}.Debug|Any CPU.ActiveCfg = Debug|Any CPU
		{C9C4AE7C-0918-429C-AD7B-FDB62CE1E114}.Debug|Any CPU.Build.0 = Debug|Any CPU
		{C9C4AE7C-0918-429C-AD7B-FDB62CE1E114}.Release|Any CPU.ActiveCfg = Release|Any CPU
		{C9C4AE7C-0918-429C-AD7B-FDB62CE1E114}.Release|Any CPU.Build.0 = Release|Any CPU
		{294CBB75-E38D-45FA-8310-ED5974EAD022}.Debug|Any CPU.ActiveCfg = Debug|Any CPU
		{294CBB75-E38D-45FA-8310-ED5974EAD022}.Debug|Any CPU.Build.0 = Debug|Any CPU
		{294CBB75-E38D-45FA-8310-ED5974EAD022}.Release|Any CPU.ActiveCfg = Release|Any CPU
		{294CBB75-E38D-45FA-8310-ED5974EAD022}.Release|Any CPU.Build.0 = Release|Any CPU
		{9F8BEB44-81BF-4FC5-83AB-CD2A80D8E00D}.Debug|Any CPU.ActiveCfg = Debug|Any CPU
		{9F8BEB44-81BF-4FC5-83AB-CD2A80D8E00D}.Debug|Any CPU.Build.0 = Debug|Any CPU
		{9F8BEB44-81BF-4FC5-83AB-CD2A80D8E00D}.Release|Any CPU.ActiveCfg = Release|Any CPU
		{9F8BEB44-81BF-4FC5-83AB-CD2A80D8E00D}.Release|Any CPU.Build.0 = Release|Any CPU
		{B826B2DC-7B04-418F-AAE2-D16708DE906C}.Debug|Any CPU.ActiveCfg = Debug|Any CPU
		{B826B2DC-7B04-418F-AAE2-D16708DE906C}.Debug|Any CPU.Build.0 = Debug|Any CPU
		{B826B2DC-7B04-418F-AAE2-D16708DE906C}.Release|Any CPU.ActiveCfg = Release|Any CPU
		{B826B2DC-7B04-418F-AAE2-D16708DE906C}.Release|Any CPU.Build.0 = Release|Any CPU
	EndGlobalSection
	GlobalSection(SolutionProperties) = preSolution
		HideSolutionNode = FALSE
	EndGlobalSection
	GlobalSection(ExtensibilityGlobals) = postSolution
		SolutionGuid = {98A32FFC-7306-4B6B-A319-82102E938000}
	EndGlobalSection
EndGlobal
