
Microsoft Visual Studio Solution File, Format Version 12.00
# Visual Studio 15
VisualStudioVersion = 15.0.28307.102
MinimumVisualStudioVersion = 10.0.40219.1
Project("{FAE04EC0-301F-11D3-BF4B-00C04F79EFBC}") = "OnlineHajarShop.Web", "OnlineHajarShop.Web\OnlineHajarShop.Web.csproj", "{C9C4AE7C-0918-429C-AD7B-FDB62CE1E114}"
EndProject
Global
	GlobalSection(SolutionConfigurationPlatforms) = preSolution
		Debug|Any CPU = Debug|Any CPU
		Release|Any CPU = Release|Any CPU
	EndGlobalSection
	GlobalSection(ProjectConfigurationPlatforms) = postSolution
		{C9C4AE7C-0918-429C-AD7B-FDB62CE1E114}.Debug|Any CPU.ActiveCfg = Debug|Any CPU
		{C9C4AE7C-0918-429C-AD7B-FDB62CE1E114}.Debug|Any CPU.Build.0 = Debug|Any CPU
		{C9C4AE7C-0918-429C-AD7B-FDB62CE1E114}.Release|Any CPU.ActiveCfg = Release|Any CPU
		{C9C4AE7C-0918-429C-AD7B-FDB62CE1E114}.Release|Any CPU.Build.0 = Release|Any CPU
	EndGlobalSection
	GlobalSection(SolutionProperties) = preSolution
		HideSolutionNode = FALSE
	EndGlobalSection
	GlobalSection(ExtensibilityGlobals) = postSolution
		SolutionGuid = {98A32FFC-7306-4B6B-A319-82102E938000}
	EndGlobalSection
EndGlobal
